{
  "name": "FrontendBlazor",
  "lockfileVersion": 3,
  "requires": true,
  "packages": {
    "": {
      "dependencies": {
        "@sweetalert2/theme-dark": "^5.0.16"
      }
    },
    "node_modules/@sweetalert2/theme-dark": {
      "version": "5.0.16",
      "resolved": "https://registry.npmjs.org/@sweetalert2/theme-dark/-/theme-dark-5.0.16.tgz",
      "integrity": "sha512-SFXEVfp9jmaBLhYEeRilrcpQP/sQimfjtZdvazJ+l5jEdNVKDkPD/CD3T7V8VqUqk/q2zUBSvr0WOMrHoAvfCA=="
    }
  }
}
